github.com/damondb/hugo-damon-db v0.1.12 h1:3eDTO6NSxU/8zwSjwJmZThjFpqilPHx8RKEtkTIOcCA=
github.com/damondb/hugo-damon-db v0.1.12/go.mod h1:18Hdtj7PBUHkmRr9vN+v0PDi2uCUztXLdBK8Ntr534M=
github.com/damondb/hugo-damon-db v0.1.13 h1:Wg+HMnHCGM1ylgRxOtGMsg5yO6OL73q/0gGe/3t6l+8=
github.com/damondb/hugo-damon-db v0.1.13/go.mod h1:18Hdtj7PBUHkmRr9vN+v0PDi2uCUztXLdBK8Ntr534M=
